
Microsoft Visual Studio Solution File, Format Version 12.00
# Visual Studio Version 17
VisualStudioVersion = 17.10.34916.146
MinimumVisualStudioVersion = 10.0.40219.1
Project("{FAE04EC0-301F-11D3-BF4B-00C04F79EFBC}") = "Monix.WebApi", "Monix.WebApi\Monix.WebApi.csproj", "{DFCE2AAD-755E-4D2C-ADEB-BA5E9D6D4E03}"
EndProject
Project("{FAE04EC0-301F-11D3-BF4B-00C04F79EFBC}") = "Monix.Application", "Monix.Application\Monix.Application.csproj", "{F667FA49-7E02-46FE-AE50-CEF5DF21FEFC}"
EndProject
Project("{FAE04EC0-301F-11D3-BF4B-00C04F79EFBC}") = "Monix.Domain", "Monix.Domain\Monix.Domain.csproj", "{FD8C8708-0186-4C00-AE6E-EF27E065ADDE}"
EndProject
Project("{FAE04EC0-301F-11D3-BF4B-00C04F79EFBC}") = "Monix.Infrastructure", "Monix.Infrastructure\Monix.Infrastructure.csproj", "{B5E21534-914F-41DB-A775-C1DCE02FC135}"
EndProject
Global
	GlobalSection(SolutionConfigurationPlatforms) = preSolution
		Debug|Any CPU = Debug|Any CPU
		Release|Any CPU = Release|Any CPU
	EndGlobalSection
	GlobalSection(ProjectConfigurationPlatforms) = postSolution
		{DFCE2AAD-755E-4D2C-ADEB-BA5E9D6D4E03}.Debug|Any CPU.ActiveCfg = Debug|Any CPU
		{DFCE2AAD-755E-4D2C-ADEB-BA5E9D6D4E03}.Debug|Any CPU.Build.0 = Debug|Any CPU
		{DFCE2AAD-755E-4D2C-ADEB-BA5E9D6D4E03}.Release|Any CPU.ActiveCfg = Release|Any CPU
		{DFCE2AAD-755E-4D2C-ADEB-BA5E9D6D4E03}.Release|Any CPU.Build.0 = Release|Any CPU
		{F667FA49-7E02-46FE-AE50-CEF5DF21FEFC}.Debug|Any CPU.ActiveCfg = Debug|Any CPU
		{F667FA49-7E02-46FE-AE50-CEF5DF21FEFC}.Debug|Any CPU.Build.0 = Debug|Any CPU
		{F667FA49-7E02-46FE-AE50-CEF5DF21FEFC}.Release|Any CPU.ActiveCfg = Release|Any CPU
		{F667FA49-7E02-46FE-AE50-CEF5DF21FEFC}.Release|Any CPU.Build.0 = Release|Any CPU
		{FD8C8708-0186-4C00-AE6E-EF27E065ADDE}.Debug|Any CPU.ActiveCfg = Debug|Any CPU
		{FD8C8708-0186-4C00-AE6E-EF27E065ADDE}.Debug|Any CPU.Build.0 = Debug|Any CPU
		{FD8C8708-0186-4C00-AE6E-EF27E065ADDE}.Release|Any CPU.ActiveCfg = Release|Any CPU
		{FD8C8708-0186-4C00-AE6E-EF27E065ADDE}.Release|Any CPU.Build.0 = Release|Any CPU
		{B5E21534-914F-41DB-A775-C1DCE02FC135}.Debug|Any CPU.ActiveCfg = Debug|Any CPU
		{B5E21534-914F-41DB-A775-C1DCE02FC135}.Debug|Any CPU.Build.0 = Debug|Any CPU
		{B5E21534-914F-41DB-A775-C1DCE02FC135}.Release|Any CPU.ActiveCfg = Release|Any CPU
		{B5E21534-914F-41DB-A775-C1DCE02FC135}.Release|Any CPU.Build.0 = Release|Any CPU
	EndGlobalSection
	GlobalSection(SolutionProperties) = preSolution
		HideSolutionNode = FALSE
	EndGlobalSection
	GlobalSection(ExtensibilityGlobals) = postSolution
		SolutionGuid = {9E5C9495-ED90-4250-9FCF-9F0E1FF663DA}
	EndGlobalSection
EndGlobal
